<?xml version="1.0" encoding="utf-8"?>
<Project ToolsVersion="4.0" xmlns="http://schemas.microsoft.com/developer/msbuild/2003">
  <ItemGroup>
    <Filter Include="Source Files">
      <UniqueIdentifier>{4FC737F1-C7A5-4376-A066-2A32D752A2FF}</UniqueIdentifier>
      <Extensions>cpp;c;cc;cxx;c++;cppm;ixx;def;odl;idl;hpj;bat;asm;asmx</Extensions>
    </Filter>
    <Filter Include="Header Files">
      <UniqueIdentifier>{93995380-89BD-4b04-88EB-625FBE52EBFB}</UniqueIdentifier>
      <Extensions>h;hh;hpp;hxx;h++;hm;inl;inc;ipp;xsd</Extensions>
    </Filter>
    <Filter Include="Resource Files">
      <UniqueIdentifier>{67DA6AB6-F800-4c08-8B7A-83BB121AAD01}</UniqueIdentifier>
      <Extensions>rc;ico;cur;bmp;dlg;rc2;rct;bin;rgs;gif;jpg;jpeg;jpe;resx;tiff;tif;png;wav;mfcribbon-ms</Extensions>
    </Filter>
  </ItemGroup>
  <ItemGroup>
    <ClCompile Include="UniBox.cpp">
      <Filter>Source Files</Filter>
    </ClCompile>
    <ClCompile Include="cpp\Convert.cpp">
      <Filter>Source Files</Filter>
    </ClCompile>
    <ClCompile Include="cpp\Draw.cpp">
      <Filter>Source Files</Filter>
    </ClCompile>
    <ClCompile Include="cpp\Rotate.cpp">
      <Filter>Source Files</Filter>
    </ClCompile>
    <ClCompile Include="cpp\Menu.cpp">
      <Filter>Source Files</Filter>
    </ClCompile>
    <ClCompile Include="cpp\Exit.cpp">
      <Filter>Source Files</Filter>
    </ClCompile>
    <ClCompile Include="cpp\Check.cpp">
      <Filter>Source Files</Filter>
    </ClCompile>
    <ClCompile Include="cpp\StatsMenu.cpp">
      <Filter>Source Files</Filter>
    </ClCompile>
    <ClCompile Include="cpp\Stats.cpp">
      <Filter>Source Files</Filter>
    </ClCompile>
    <ClCompile Include="cpp\Orbit.cpp">
      <Filter>Source Files</Filter>
    </ClCompile>
    <ClCompile Include="cpp\Align.cpp">
      <Filter>Source Files</Filter>
    </ClCompile>
    <ClCompile Include="cpp\RotateDefault.cpp">
      <Filter>Source Files</Filter>
    </ClCompile>
    <ClCompile Include="cpp\Pluton.cpp">
      <Filter>Source Files</Filter>
    </ClCompile>
    <ClCompile Include="cpp\ChangeSpeed.cpp">
      <Filter>Source Files</Filter>
    </ClCompile>
    <ClCompile Include="cpp\RemovePlanet.cpp">
      <Filter>Source Files</Filter>
    </ClCompile>
    <ClCompile Include="cpp\AddPlanet.cpp">
      <Filter>Source Files</Filter>
    </ClCompile>
    <ClCompile Include="cpp\Textures.cpp">
      <Filter>Source Files</Filter>
    </ClCompile>
  </ItemGroup>
  <ItemGroup>
    <ClInclude Include="Includes\Align.h">
      <Filter>Header Files</Filter>
    </ClInclude>
    <ClInclude Include="Includes\Check.h">
      <Filter>Header Files</Filter>
    </ClInclude>
    <ClInclude Include="Includes\Convert.h">
      <Filter>Header Files</Filter>
    </ClInclude>
    <ClInclude Include="Includes\Draw.h">
      <Filter>Header Files</Filter>
    </ClInclude>
    <ClInclude Include="Includes\Orbit.h">
      <Filter>Header Files</Filter>
    </ClInclude>
    <ClInclude Include="Includes\Pluton.h">
      <Filter>Header Files</Filter>
    </ClInclude>
    <ClInclude Include="Includes\Rotate.h">
      <Filter>Header Files</Filter>
    </ClInclude>
    <ClInclude Include="Includes\Screen.h">
      <Filter>Header Files</Filter>
    </ClInclude>
    <ClInclude Include="Includes\Stats.h">
      <Filter>Header Files</Filter>
    </ClInclude>
    <ClInclude Include="Includes\Menu.h">
      <Filter>Header Files</Filter>
    </ClInclude>
    <ClInclude Include="Includes\Textures.h">
      <Filter>Header Files</Filter>
    </ClInclude>
    <ClInclude Include="Includes\Unibox.h">
      <Filter>Header Files</Filter>
    </ClInclude>
    <ClInclude Include="Includes\Unload.h">
      <Filter>Header Files</Filter>
    </ClInclude>
    <ClInclude Include="Includes\RotateDefault.h">
      <Filter>Header Files</Filter>
    </ClInclude>
    <ClInclude Include="Includes\ChangeSpeed.h">
      <Filter>Header Files</Filter>
    </ClInclude>
    <ClInclude Include="Includes\RemovePlanet.h">
      <Filter>Header Files</Filter>
    </ClInclude>
    <ClInclude Include="Includes\AddPlanet.h">
      <Filter>Header Files</Filter>
    </ClInclude>
    <ClInclude Include="Includes\StatsMenu.h">
      <Filter>Header Files</Filter>
    </ClInclude>
  </ItemGroup>
</Project>